PODS:
  - RxCocoa (5.0.1):
    - RxRelay (~> 5)
    - RxSwift (~> 5)
  - RxRelay (5.0.1):
    - RxSwift (~> 5)
  - RxSwift (5.0.1)
  - SDWebImage (5.2.5):
    - SDWebImage/Core (= 5.2.5)
  - SDWebImage/Core (5.2.5)
  - SnapKit (5.0.1)

DEPENDENCIES:
  - RxCocoa
  - RxSwift
  - SDWebImage
  - SnapKit

SPEC REPOS:
  trunk:
    - RxCocoa
    - RxRelay
    - RxSwift
    - SDWebImage
    - SnapKit

SPEC CHECKSUMS:
  RxCocoa: e741b9749968e8a143e2b787f1dfbff2b63d0a5c
  RxRelay: 89d54507f4fd4d969e6ec1d4bd7f3673640b4640
  RxSwift: e2dc62b366a3adf6a0be44ba9f405efd4c94e0c4
  SDWebImage: 4eabf2fa6695c95c47724214417a9c036c965e4a
  SnapKit: 97b92857e3df3a0c71833cce143274bf6ef8e5eb

PODFILE CHECKSUM: 35fb7a3d5d44334143f3834b1c8a4485c042dc9b

COCOAPODS: 1.8.3
