// !$*UTF8*$!
{
	archiveVersion = 1;
	classes = {
	};
	objectVersion = 51;
	objects = {

/* Begin PBXBuildFile section */
		3F350D9B2E2C6868FEA91FAF /* Pods_SwifterUI.framework in Frameworks */ = {isa = PBXBuildFile; fileRef = 2D03B01637FBB0C4F2A30995 /* Pods_SwifterUI.framework */; };
		450F115E23766E2B00EBBF5E /* apc.podspec in Resources */ = {isa = PBXBuildFile; fileRef = 450F115D23766E2B00EBBF5E /* apc.podspec */; };
		450F116923766F6600EBBF5E /* apc_bt_down@3x.png in Resources */ = {isa = PBXBuildFile; fileRef = 450F116023766F6600EBBF5E /* apc_bt_down@3x.png */; };
		450F116A23766F6600EBBF5E /* apc_bt_down@2x.png in Resources */ = {isa = PBXBuildFile; fileRef = 450F116123766F6600EBBF5E /* apc_bt_down@2x.png */; };
		450F116B23766F6600EBBF5E /* Image.storyboard in Resources */ = {isa = PBXBuildFile; fileRef = 450F116223766F6600EBBF5E /* Image.storyboard */; };
		450F116C23766F6600EBBF5E /* apc_bt_selected_off@2x.png in Resources */ = {isa = PBXBuildFile; fileRef = 450F116323766F6600EBBF5E /* apc_bt_selected_off@2x.png */; };
		450F116D23766F6600EBBF5E /* apc_bt_selected_on@2x.png in Resources */ = {isa = PBXBuildFile; fileRef = 450F116423766F6600EBBF5E /* apc_bt_selected_on@2x.png */; };
		450F116E23766F6600EBBF5E /* apc_bt_selected_on@3x.png in Resources */ = {isa = PBXBuildFile; fileRef = 450F116523766F6600EBBF5E /* apc_bt_selected_on@3x.png */; };
		450F116F23766F6600EBBF5E /* apc_bt_selected_off@3x.png in Resources */ = {isa = PBXBuildFile; fileRef = 450F116623766F6600EBBF5E /* apc_bt_selected_off@3x.png */; };
		450F117023766F6600EBBF5E /* apc_bt_up@2x.png in Resources */ = {isa = PBXBuildFile; fileRef = 450F116723766F6600EBBF5E /* apc_bt_up@2x.png */; };
		450F117123766F6600EBBF5E /* apc_bt_up@3x.png in Resources */ = {isa = PBXBuildFile; fileRef = 450F116823766F6600EBBF5E /* apc_bt_up@3x.png */; };
		458BA4C823725EED004CA9E4 /* BaseVcProtocol.swift in Sources */ = {isa = PBXBuildFile; fileRef = 458BA4C723725EED004CA9E4 /* BaseVcProtocol.swift */; };
		458BA4CA23725F16004CA9E4 /* BaseViewController.swift in Sources */ = {isa = PBXBuildFile; fileRef = 458BA4C923725F16004CA9E4 /* BaseViewController.swift */; };
		458BA4CC23725F8B004CA9E4 /* BaseNavViewController.swift in Sources */ = {isa = PBXBuildFile; fileRef = 458BA4CB23725F8A004CA9E4 /* BaseNavViewController.swift */; };
		458BA4CE23725FA9004CA9E4 /* BaseTableViewController.swift in Sources */ = {isa = PBXBuildFile; fileRef = 458BA4CD23725FA9004CA9E4 /* BaseTableViewController.swift */; };
		458BA4D023726003004CA9E4 /* BaseCollectionViewController.swift in Sources */ = {isa = PBXBuildFile; fileRef = 458BA4CF23726003004CA9E4 /* BaseCollectionViewController.swift */; };
		458BA4D423729C98004CA9E4 /* HUD.swift in Sources */ = {isa = PBXBuildFile; fileRef = 458BA4D323729C98004CA9E4 /* HUD.swift */; };
		458BA4D823729CA5004CA9E4 /* MBProgressHUD.m in Sources */ = {isa = PBXBuildFile; fileRef = 458BA4D723729CA5004CA9E4 /* MBProgressHUD.m */; };
		458BA4DA23729D78004CA9E4 /* MBProgressHUD.h in Headers */ = {isa = PBXBuildFile; fileRef = 458BA4D623729CA5004CA9E4 /* MBProgressHUD.h */; settings = {ATTRIBUTES = (Public, ); }; };
		458BA4E72372B19A004CA9E4 /* Cache.swift in Sources */ = {isa = PBXBuildFile; fileRef = 458BA4E62372B19A004CA9E4 /* Cache.swift */; };
		458BA4E92372B1A5004CA9E4 /* NSTimer+Closure.swift in Sources */ = {isa = PBXBuildFile; fileRef = 458BA4E82372B1A5004CA9E4 /* NSTimer+Closure.swift */; };
		458BA4EB2372B1B0004CA9E4 /* BNBannerScrollView.swift in Sources */ = {isa = PBXBuildFile; fileRef = 458BA4EA2372B1B0004CA9E4 /* BNBannerScrollView.swift */; };
		458BA4F42372BB2D004CA9E4 /* JSONParser+.swift in Sources */ = {isa = PBXBuildFile; fileRef = 458BA4ED2372BB2B004CA9E4 /* JSONParser+.swift */; };
		458BA4F52372BB2D004CA9E4 /* Data+json.swift in Sources */ = {isa = PBXBuildFile; fileRef = 458BA4EE2372BB2B004CA9E4 /* Data+json.swift */; };
		458BA4F62372BB2D004CA9E4 /* JSONParser.swift in Sources */ = {isa = PBXBuildFile; fileRef = 458BA4EF2372BB2B004CA9E4 /* JSONParser.swift */; };
		458BA4F72372BB2D004CA9E4 /* Array+json.swift in Sources */ = {isa = PBXBuildFile; fileRef = 458BA4F02372BB2C004CA9E4 /* Array+json.swift */; };
		458BA4F82372BB2D004CA9E4 /* String+json.swift in Sources */ = {isa = PBXBuildFile; fileRef = 458BA4F12372BB2C004CA9E4 /* String+json.swift */; };
		458BA4F92372BB2D004CA9E4 /* Dictionary+json.swift in Sources */ = {isa = PBXBuildFile; fileRef = 458BA4F22372BB2C004CA9E4 /* Dictionary+json.swift */; };
		458BA4FA2372BB2D004CA9E4 /* Json+.swift in Sources */ = {isa = PBXBuildFile; fileRef = 458BA4F32372BB2D004CA9E4 /* Json+.swift */; };
		458BA5002372BBA4004CA9E4 /* ZHRefresh.swift in Sources */ = {isa = PBXBuildFile; fileRef = 458BA4FC2372BBA3004CA9E4 /* ZHRefresh.swift */; };
		458BA5012372BBA4004CA9E4 /* ZHRefreshHeader.swift in Sources */ = {isa = PBXBuildFile; fileRef = 458BA4FD2372BBA3004CA9E4 /* ZHRefreshHeader.swift */; };
		458BA5022372BBA4004CA9E4 /* ZHRefreshFooter.swift in Sources */ = {isa = PBXBuildFile; fileRef = 458BA4FE2372BBA3004CA9E4 /* ZHRefreshFooter.swift */; };
		458BA5032372BBA4004CA9E4 /* BallAnimationView.swift in Sources */ = {isa = PBXBuildFile; fileRef = 458BA4FF2372BBA4004CA9E4 /* BallAnimationView.swift */; };
		458BA5052372BEC8004CA9E4 /* Main.storyboard in Resources */ = {isa = PBXBuildFile; fileRef = 458BA5042372BEC8004CA9E4 /* Main.storyboard */; };
		458BA5072372BF09004CA9E4 /* ViewController.swift in Sources */ = {isa = PBXBuildFile; fileRef = 458BA5062372BF09004CA9E4 /* ViewController.swift */; };
		458BA5152372C073004CA9E4 /* UIView+badge.swift in Sources */ = {isa = PBXBuildFile; fileRef = 458BA5092372C06E004CA9E4 /* UIView+badge.swift */; };
		458BA5162372C073004CA9E4 /* UIColor+.swift in Sources */ = {isa = PBXBuildFile; fileRef = 458BA50A2372C06E004CA9E4 /* UIColor+.swift */; };
		458BA5172372C073004CA9E4 /* UINavigationController+.swift in Sources */ = {isa = PBXBuildFile; fileRef = 458BA50B2372C06F004CA9E4 /* UINavigationController+.swift */; };
		458BA5182372C073004CA9E4 /* UIViewController+.swift in Sources */ = {isa = PBXBuildFile; fileRef = 458BA50C2372C06F004CA9E4 /* UIViewController+.swift */; };
		458BA5192372C073004CA9E4 /* UIViewController+Alert.swift in Sources */ = {isa = PBXBuildFile; fileRef = 458BA50D2372C070004CA9E4 /* UIViewController+Alert.swift */; };
		458BA51A2372C073004CA9E4 /* StoryBoard+IB.swift in Sources */ = {isa = PBXBuildFile; fileRef = 458BA50E2372C070004CA9E4 /* StoryBoard+IB.swift */; };
		458BA51B2372C073004CA9E4 /* UIView+.swift in Sources */ = {isa = PBXBuildFile; fileRef = 458BA50F2372C070004CA9E4 /* UIView+.swift */; };
		458BA51C2372C073004CA9E4 /* Cell+.swift in Sources */ = {isa = PBXBuildFile; fileRef = 458BA5102372C071004CA9E4 /* Cell+.swift */; };
		458BA51D2372C073004CA9E4 /* UIImage+.swift in Sources */ = {isa = PBXBuildFile; fileRef = 458BA5112372C071004CA9E4 /* UIImage+.swift */; };
		458BA51E2372C073004CA9E4 /* UIView+draw.swift in Sources */ = {isa = PBXBuildFile; fileRef = 458BA5122372C072004CA9E4 /* UIView+draw.swift */; };
		458BA51F2372C073004CA9E4 /* UIScrollView+.swift in Sources */ = {isa = PBXBuildFile; fileRef = 458BA5132372C072004CA9E4 /* UIScrollView+.swift */; };
		458BA5202372C073004CA9E4 /* UIView+frame.swift in Sources */ = {isa = PBXBuildFile; fileRef = 458BA5142372C073004CA9E4 /* UIView+frame.swift */; };
		458BA52B2372C0B5004CA9E4 /* ZHDate.swift in Sources */ = {isa = PBXBuildFile; fileRef = 458BA5222372C0AF004CA9E4 /* ZHDate.swift */; };
		458BA52C2372C0B5004CA9E4 /* String+.swift in Sources */ = {isa = PBXBuildFile; fileRef = 458BA5232372C0AF004CA9E4 /* String+.swift */; };
		458BA52D2372C0B5004CA9E4 /* Array+.swift in Sources */ = {isa = PBXBuildFile; fileRef = 458BA5242372C0B0004CA9E4 /* Array+.swift */; };
		458BA52E2372C0B5004CA9E4 /* Number+.swift in Sources */ = {isa = PBXBuildFile; fileRef = 458BA5252372C0B2004CA9E4 /* Number+.swift */; };
		458BA52F2372C0B5004CA9E4 /* Date+.swift in Sources */ = {isa = PBXBuildFile; fileRef = 458BA5262372C0B3004CA9E4 /* Date+.swift */; };
		458BA5302372C0B5004CA9E4 /* CGFloat+.swift in Sources */ = {isa = PBXBuildFile; fileRef = 458BA5272372C0B3004CA9E4 /* CGFloat+.swift */; };
		458BA5312372C0B5004CA9E4 /* Bundle+.swift in Sources */ = {isa = PBXBuildFile; fileRef = 458BA5282372C0B4004CA9E4 /* Bundle+.swift */; };
		458BA5322372C0B5004CA9E4 /* Number+random.swift in Sources */ = {isa = PBXBuildFile; fileRef = 458BA5292372C0B4004CA9E4 /* Number+random.swift */; };
		458BA5332372C0B5004CA9E4 /* Data+.swift in Sources */ = {isa = PBXBuildFile; fileRef = 458BA52A2372C0B5004CA9E4 /* Data+.swift */; };
		458BA5392372C1DD004CA9E4 /* Queue.swift in Sources */ = {isa = PBXBuildFile; fileRef = 458BA5352372C1DC004CA9E4 /* Queue.swift */; };
		458BA53A2372C1DD004CA9E4 /* KeyChain.swift in Sources */ = {isa = PBXBuildFile; fileRef = 458BA5362372C1DC004CA9E4 /* KeyChain.swift */; };
		458BA53B2372C1DD004CA9E4 /* app.swift in Sources */ = {isa = PBXBuildFile; fileRef = 458BA5372372C1DC004CA9E4 /* app.swift */; };
		458BA53C2372C1DD004CA9E4 /* Then.swift in Sources */ = {isa = PBXBuildFile; fileRef = 458BA5382372C1DD004CA9E4 /* Then.swift */; };
		458BA5492372C1FE004CA9E4 /* Optional+Rx.swift in Sources */ = {isa = PBXBuildFile; fileRef = 458BA53E2372C1FA004CA9E4 /* Optional+Rx.swift */; };
		458BA54A2372C1FE004CA9E4 /* UIImagePickerController+Rx.swift in Sources */ = {isa = PBXBuildFile; fileRef = 458BA53F2372C1FB004CA9E4 /* UIImagePickerController+Rx.swift */; };
		458BA54B2372C1FE004CA9E4 /* Objective.swift in Sources */ = {isa = PBXBuildFile; fileRef = 458BA5402372C1FB004CA9E4 /* Objective.swift */; };
		458BA54C2372C1FE004CA9E4 /* NSObject+dispose.swift in Sources */ = {isa = PBXBuildFile; fileRef = 458BA5412372C1FB004CA9E4 /* NSObject+dispose.swift */; };
		458BA54D2372C1FE004CA9E4 /* UITextField+Rx.swift in Sources */ = {isa = PBXBuildFile; fileRef = 458BA5422372C1FC004CA9E4 /* UITextField+Rx.swift */; };
		458BA54E2372C1FE004CA9E4 /* HasReuseDisposeBag.swift in Sources */ = {isa = PBXBuildFile; fileRef = 458BA5432372C1FC004CA9E4 /* HasReuseDisposeBag.swift */; };
		458BA54F2372C1FE004CA9E4 /* NSObject+objc.swift in Sources */ = {isa = PBXBuildFile; fileRef = 458BA5442372C1FD004CA9E4 /* NSObject+objc.swift */; };
		458BA5502372C1FE004CA9E4 /* RxImagePickerDelegateProxy.swift in Sources */ = {isa = PBXBuildFile; fileRef = 458BA5452372C1FD004CA9E4 /* RxImagePickerDelegateProxy.swift */; };
		458BA5512372C1FE004CA9E4 /* Notification+Rx.swift in Sources */ = {isa = PBXBuildFile; fileRef = 458BA5462372C1FD004CA9E4 /* Notification+Rx.swift */; };
		458BA5522372C1FE004CA9E4 /* timer+Rx.swift in Sources */ = {isa = PBXBuildFile; fileRef = 458BA5472372C1FE004CA9E4 /* timer+Rx.swift */; };
		458BA5532372C1FE004CA9E4 /* CanGetImage.swift in Sources */ = {isa = PBXBuildFile; fileRef = 458BA5482372C1FE004CA9E4 /* CanGetImage.swift */; };
		458BA55E2372C26C004CA9E4 /* PlaceholderTextView.swift in Sources */ = {isa = PBXBuildFile; fileRef = 458BA5552372C269004CA9E4 /* PlaceholderTextView.swift */; };
		458BA55F2372C26C004CA9E4 /* CardView.swift in Sources */ = {isa = PBXBuildFile; fileRef = 458BA5562372C269004CA9E4 /* CardView.swift */; };
		458BA5602372C26C004CA9E4 /* ColorLabel.swift in Sources */ = {isa = PBXBuildFile; fileRef = 458BA5572372C26A004CA9E4 /* ColorLabel.swift */; };
		458BA5612372C26C004CA9E4 /* CardButton.swift in Sources */ = {isa = PBXBuildFile; fileRef = 458BA5582372C26A004CA9E4 /* CardButton.swift */; };
		458BA5622372C26C004CA9E4 /* PaomaLabel.swift in Sources */ = {isa = PBXBuildFile; fileRef = 458BA5592372C26B004CA9E4 /* PaomaLabel.swift */; };
		458BA5632372C26C004CA9E4 /* SelfSizeTextView.swift in Sources */ = {isa = PBXBuildFile; fileRef = 458BA55A2372C26B004CA9E4 /* SelfSizeTextView.swift */; };
		458BA5642372C26C004CA9E4 /* ColorButton.swift in Sources */ = {isa = PBXBuildFile; fileRef = 458BA55B2372C26B004CA9E4 /* ColorButton.swift */; };
		458BA5652372C26C004CA9E4 /* CircleProgressView.swift in Sources */ = {isa = PBXBuildFile; fileRef = 458BA55C2372C26C004CA9E4 /* CircleProgressView.swift */; };
		458BA5662372C26C004CA9E4 /* PlayingAnimatView.swift in Sources */ = {isa = PBXBuildFile; fileRef = 458BA55D2372C26C004CA9E4 /* PlayingAnimatView.swift */; };
		458BA5732372C286004CA9E4 /* ImageSelectPicker.swift in Sources */ = {isa = PBXBuildFile; fileRef = 458BA5682372C280004CA9E4 /* ImageSelectPicker.swift */; };
		458BA5742372C286004CA9E4 /* PopTransition.swift in Sources */ = {isa = PBXBuildFile; fileRef = 458BA5692372C281004CA9E4 /* PopTransition.swift */; };
		458BA5752372C286004CA9E4 /* PercentTransition.swift in Sources */ = {isa = PBXBuildFile; fileRef = 458BA56A2372C281004CA9E4 /* PercentTransition.swift */; };
		458BA5762372C286004CA9E4 /* Transition.swift in Sources */ = {isa = PBXBuildFile; fileRef = 458BA56B2372C282004CA9E4 /* Transition.swift */; };
		458BA5772372C286004CA9E4 /* LookImageScrollView.swift in Sources */ = {isa = PBXBuildFile; fileRef = 458BA56C2372C282004CA9E4 /* LookImageScrollView.swift */; };
		458BA5782372C286004CA9E4 /* AlbumSelectPicker.swift in Sources */ = {isa = PBXBuildFile; fileRef = 458BA56D2372C283004CA9E4 /* AlbumSelectPicker.swift */; };
		458BA5792372C286004CA9E4 /* LookImageViewController.swift in Sources */ = {isa = PBXBuildFile; fileRef = 458BA56E2372C284004CA9E4 /* LookImageViewController.swift */; };
		458BA57A2372C286004CA9E4 /* ImageSelector.swift in Sources */ = {isa = PBXBuildFile; fileRef = 458BA56F2372C284004CA9E4 /* ImageSelector.swift */; };
		458BA57B2372C286004CA9E4 /* CanGetImage+.swift in Sources */ = {isa = PBXBuildFile; fileRef = 458BA5702372C285004CA9E4 /* CanGetImage+.swift */; };
		458BA57C2372C286004CA9E4 /* LookImageModel.swift in Sources */ = {isa = PBXBuildFile; fileRef = 458BA5712372C286004CA9E4 /* LookImageModel.swift */; };
		458BA57D2372C286004CA9E4 /* PushTransition.swift in Sources */ = {isa = PBXBuildFile; fileRef = 458BA5722372C286004CA9E4 /* PushTransition.swift */; };
		45B2A7FC22DF05E2001A1652 /* AppDelegate.swift in Sources */ = {isa = PBXBuildFile; fileRef = 45B2A7FB22DF05E2001A1652 /* AppDelegate.swift */; };
		45B2A80222DF05E4001A1652 /* Assets.xcassets in Resources */ = {isa = PBXBuildFile; fileRef = 45B2A80122DF05E4001A1652 /* Assets.xcassets */; };
		45B2A80822DF05E4001A1652 /* LaunchScreen.storyboard in Resources */ = {isa = PBXBuildFile; fileRef = 45B2A80622DF05E4001A1652 /* LaunchScreen.storyboard */; };
		45B2A81122DF06E4001A1652 /* Color+.swift in Sources */ = {isa = PBXBuildFile; fileRef = 45B2A81022DF06E4001A1652 /* Color+.swift */; };
/* End PBXBuildFile section */

/* Begin PBXFileReference section */
		2D03B01637FBB0C4F2A30995 /* Pods_SwifterUI.framework */ = {isa = PBXFileReference; explicitFileType = wrapper.framework; includeInIndex = 0; path = Pods_SwifterUI.framework; sourceTree = BUILT_PRODUCTS_DIR; };
		450F115D23766E2B00EBBF5E /* apc.podspec */ = {isa = PBXFileReference; lastKnownFileType = file; path = apc.podspec; sourceTree = SOURCE_ROOT; };
		450F116023766F6600EBBF5E /* apc_bt_down@3x.png */ = {isa = PBXFileReference; lastKnownFileType = image.png; path = "apc_bt_down@3x.png"; sourceTree = "<group>"; };
		450F116123766F6600EBBF5E /* apc_bt_down@2x.png */ = {isa = PBXFileReference; lastKnownFileType = image.png; path = "apc_bt_down@2x.png"; sourceTree = "<group>"; };
		450F116223766F6600EBBF5E /* Image.storyboard */ = {isa = PBXFileReference; fileEncoding = 4; lastKnownFileType = file.storyboard; path = Image.storyboard; sourceTree = "<group>"; };
		450F116323766F6600EBBF5E /* apc_bt_selected_off@2x.png */ = {isa = PBXFileReference; lastKnownFileType = image.png; path = "apc_bt_selected_off@2x.png"; sourceTree = "<group>"; };
		450F116423766F6600EBBF5E /* apc_bt_selected_on@2x.png */ = {isa = PBXFileReference; lastKnownFileType = image.png; path = "apc_bt_selected_on@2x.png"; sourceTree = "<group>"; };
		450F116523766F6600EBBF5E /* apc_bt_selected_on@3x.png */ = {isa = PBXFileReference; lastKnownFileType = image.png; path = "apc_bt_selected_on@3x.png"; sourceTree = "<group>"; };
		450F116623766F6600EBBF5E /* apc_bt_selected_off@3x.png */ = {isa = PBXFileReference; lastKnownFileType = image.png; path = "apc_bt_selected_off@3x.png"; sourceTree = "<group>"; };
		450F116723766F6600EBBF5E /* apc_bt_up@2x.png */ = {isa = PBXFileReference; lastKnownFileType = image.png; path = "apc_bt_up@2x.png"; sourceTree = "<group>"; };
		450F116823766F6600EBBF5E /* apc_bt_up@3x.png */ = {isa = PBXFileReference; lastKnownFileType = image.png; path = "apc_bt_up@3x.png"; sourceTree = "<group>"; };
		458BA4C723725EED004CA9E4 /* BaseVcProtocol.swift */ = {isa = PBXFileReference; lastKnownFileType = sourcecode.swift; path = BaseVcProtocol.swift; sourceTree = "<group>"; };
		458BA4C923725F16004CA9E4 /* BaseViewController.swift */ = {isa = PBXFileReference; lastKnownFileType = sourcecode.swift; path = BaseViewController.swift; sourceTree = "<group>"; };
		458BA4CB23725F8A004CA9E4 /* BaseNavViewController.swift */ = {isa = PBXFileReference; lastKnownFileType = sourcecode.swift; path = BaseNavViewController.swift; sourceTree = "<group>"; };
		458BA4CD23725FA9004CA9E4 /* BaseTableViewController.swift */ = {isa = PBXFileReference; lastKnownFileType = sourcecode.swift; path = BaseTableViewController.swift; sourceTree = "<group>"; };
		458BA4CF23726003004CA9E4 /* BaseCollectionViewController.swift */ = {isa = PBXFileReference; lastKnownFileType = sourcecode.swift; path = BaseCollectionViewController.swift; sourceTree = "<group>"; };
		458BA4D123729C59004CA9E4 /* Bridging-Header.h */ = {isa = PBXFileReference; lastKnownFileType = sourcecode.c.h; path = "Bridging-Header.h"; sourceTree = "<group>"; };
		458BA4D323729C98004CA9E4 /* HUD.swift */ = {isa = PBXFileReference; lastKnownFileType = sourcecode.swift; path = HUD.swift; sourceTree = "<group>"; };
		458BA4D623729CA5004CA9E4 /* MBProgressHUD.h */ = {isa = PBXFileReference; fileEncoding = 4; lastKnownFileType = sourcecode.c.h; path = MBProgressHUD.h; sourceTree = "<group>"; };
		458BA4D723729CA5004CA9E4 /* MBProgressHUD.m */ = {isa = PBXFileReference; fileEncoding = 4; lastKnownFileType = sourcecode.c.objc; path = MBProgressHUD.m; sourceTree = "<group>"; };
		458BA4E62372B19A004CA9E4 /* Cache.swift */ = {isa = PBXFileReference; lastKnownFileType = sourcecode.swift; path = Cache.swift; sourceTree = "<group>"; };
		458BA4E82372B1A5004CA9E4 /* NSTimer+Closure.swift */ = {isa = PBXFileReference; lastKnownFileType = sourcecode.swift; path = "NSTimer+Closure.swift"; sourceTree = "<group>"; };
		458BA4EA2372B1B0004CA9E4 /* BNBannerScrollView.swift */ = {isa = PBXFileReference; lastKnownFileType = sourcecode.swift; path = BNBannerScrollView.swift; sourceTree = "<group>"; };
		458BA4ED2372BB2B004CA9E4 /* JSONParser+.swift */ = {isa = PBXFileReference; fileEncoding = 4; lastKnownFileType = sourcecode.swift; path = "JSONParser+.swift"; sourceTree = "<group>"; };
		458BA4EE2372BB2B004CA9E4 /* Data+json.swift */ = {isa = PBXFileReference; fileEncoding = 4; lastKnownFileType = sourcecode.swift; path = "Data+json.swift"; sourceTree = "<group>"; };
		458BA4EF2372BB2B004CA9E4 /* JSONParser.swift */ = {isa = PBXFileReference; fileEncoding = 4; lastKnownFileType = sourcecode.swift; path = JSONParser.swift; sourceTree = "<group>"; };
		458BA4F02372BB2C004CA9E4 /* Array+json.swift */ = {isa = PBXFileReference; fileEncoding = 4; lastKnownFileType = sourcecode.swift; path = "Array+json.swift"; sourceTree = "<group>"; };
		458BA4F12372BB2C004CA9E4 /* String+json.swift */ = {isa = PBXFileReference; fileEncoding = 4; lastKnownFileType = sourcecode.swift; path = "String+json.swift"; sourceTree = "<group>"; };
		458BA4F22372BB2C004CA9E4 /* Dictionary+json.swift */ = {isa = PBXFileReference; fileEncoding = 4; lastKnownFileType = sourcecode.swift; path = "Dictionary+json.swift"; sourceTree = "<group>"; };
		458BA4F32372BB2D004CA9E4 /* Json+.swift */ = {isa = PBXFileReference; fileEncoding = 4; lastKnownFileType = sourcecode.swift; path = "Json+.swift"; sourceTree = "<group>"; };
		458BA4FC2372BBA3004CA9E4 /* ZHRefresh.swift */ = {isa = PBXFileReference; fileEncoding = 4; lastKnownFileType = sourcecode.swift; path = ZHRefresh.swift; sourceTree = "<group>"; };
		458BA4FD2372BBA3004CA9E4 /* ZHRefreshHeader.swift */ = {isa = PBXFileReference; fileEncoding = 4; lastKnownFileType = sourcecode.swift; path = ZHRefreshHeader.swift; sourceTree = "<group>"; };
		458BA4FE2372BBA3004CA9E4 /* ZHRefreshFooter.swift */ = {isa = PBXFileReference; fileEncoding = 4; lastKnownFileType = sourcecode.swift; path = ZHRefreshFooter.swift; sourceTree = "<group>"; };
		458BA4FF2372BBA4004CA9E4 /* BallAnimationView.swift */ = {isa = PBXFileReference; fileEncoding = 4; lastKnownFileType = sourcecode.swift; path = BallAnimationView.swift; sourceTree = "<group>"; };
		458BA5042372BEC8004CA9E4 /* Main.storyboard */ = {isa = PBXFileReference; lastKnownFileType = file.storyboard; path = Main.storyboard; sourceTree = "<group>"; };
		458BA5062372BF09004CA9E4 /* ViewController.swift */ = {isa = PBXFileReference; lastKnownFileType = sourcecode.swift; path = ViewController.swift; sourceTree = "<group>"; };
		458BA5092372C06E004CA9E4 /* UIView+badge.swift */ = {isa = PBXFileReference; fileEncoding = 4; lastKnownFileType = sourcecode.swift; path = "UIView+badge.swift"; sourceTree = "<group>"; };
		458BA50A2372C06E004CA9E4 /* UIColor+.swift */ = {isa = PBXFileReference; fileEncoding = 4; lastKnownFileType = sourcecode.swift; path = "UIColor+.swift"; sourceTree = "<group>"; };
		458BA50B2372C06F004CA9E4 /* UINavigationController+.swift */ = {isa = PBXFileReference; fileEncoding = 4; lastKnownFileType = sourcecode.swift; path = "UINavigationController+.swift"; sourceTree = "<group>"; };
		458BA50C2372C06F004CA9E4 /* UIViewController+.swift */ = {isa = PBXFileReference; fileEncoding = 4; lastKnownFileType = sourcecode.swift; path = "UIViewController+.swift"; sourceTree = "<group>"; };
		458BA50D2372C070004CA9E4 /* UIViewController+Alert.swift */ = {isa = PBXFileReference; fileEncoding = 4; lastKnownFileType = sourcecode.swift; path = "UIViewController+Alert.swift"; sourceTree = "<group>"; };
		458BA50E2372C070004CA9E4 /* StoryBoard+IB.swift */ = {isa = PBXFileReference; fileEncoding = 4; lastKnownFileType = sourcecode.swift; path = "StoryBoard+IB.swift"; sourceTree = "<group>"; };
		458BA50F2372C070004CA9E4 /* UIView+.swift */ = {isa = PBXFileReference; fileEncoding = 4; lastKnownFileType = sourcecode.swift; path = "UIView+.swift"; sourceTree = "<group>"; };
		458BA5102372C071004CA9E4 /* Cell+.swift */ = {isa = PBXFileReference; fileEncoding = 4; lastKnownFileType = sourcecode.swift; path = "Cell+.swift"; sourceTree = "<group>"; };
		458BA5112372C071004CA9E4 /* UIImage+.swift */ = {isa = PBXFileReference; fileEncoding = 4; lastKnownFileType = sourcecode.swift; path = "UIImage+.swift"; sourceTree = "<group>"; };
		458BA5122372C072004CA9E4 /* UIView+draw.swift */ = {isa = PBXFileReference; fileEncoding = 4; lastKnownFileType = sourcecode.swift; path = "UIView+draw.swift"; sourceTree = "<group>"; };
		458BA5132372C072004CA9E4 /* UIScrollView+.swift */ = {isa = PBXFileReference; fileEncoding = 4; lastKnownFileType = sourcecode.swift; path = "UIScrollView+.swift"; sourceTree = "<group>"; };
		458BA5142372C073004CA9E4 /* UIView+frame.swift */ = {isa = PBXFileReference; fileEncoding = 4; lastKnownFileType = sourcecode.swift; path = "UIView+frame.swift"; sourceTree = "<group>"; };
		458BA5222372C0AF004CA9E4 /* ZHDate.swift */ = {isa = PBXFileReference; fileEncoding = 4; lastKnownFileType = sourcecode.swift; path = ZHDate.swift; sourceTree = "<group>"; };
		458BA5232372C0AF004CA9E4 /* String+.swift */ = {isa = PBXFileReference; fileEncoding = 4; lastKnownFileType = sourcecode.swift; path = "String+.swift"; sourceTree = "<group>"; };
		458BA5242372C0B0004CA9E4 /* Array+.swift */ = {isa = PBXFileReference; fileEncoding = 4; lastKnownFileType = sourcecode.swift; path = "Array+.swift"; sourceTree = "<group>"; };
		458BA5252372C0B2004CA9E4 /* Number+.swift */ = {isa = PBXFileReference; fileEncoding = 4; lastKnownFileType = sourcecode.swift; path = "Number+.swift"; sourceTree = "<group>"; };
		458BA5262372C0B3004CA9E4 /* Date+.swift */ = {isa = PBXFileReference; fileEncoding = 4; lastKnownFileType = sourcecode.swift; path = "Date+.swift"; sourceTree = "<group>"; };
		458BA5272372C0B3004CA9E4 /* CGFloat+.swift */ = {isa = PBXFileReference; fileEncoding = 4; lastKnownFileType = sourcecode.swift; path = "CGFloat+.swift"; sourceTree = "<group>"; };
		458BA5282372C0B4004CA9E4 /* Bundle+.swift */ = {isa = PBXFileReference; fileEncoding = 4; lastKnownFileType = sourcecode.swift; path = "Bundle+.swift"; sourceTree = "<group>"; };
		458BA5292372C0B4004CA9E4 /* Number+random.swift */ = {isa = PBXFileReference; fileEncoding = 4; lastKnownFileType = sourcecode.swift; path = "Number+random.swift"; sourceTree = "<group>"; };
		458BA52A2372C0B5004CA9E4 /* Data+.swift */ = {isa = PBXFileReference; fileEncoding = 4; lastKnownFileType = sourcecode.swift; path = "Data+.swift"; sourceTree = "<group>"; };
		458BA5352372C1DC004CA9E4 /* Queue.swift */ = {isa = PBXFileReference; fileEncoding = 4; lastKnownFileType = sourcecode.swift; path = Queue.swift; sourceTree = "<group>"; };
		458BA5362372C1DC004CA9E4 /* KeyChain.swift */ = {isa = PBXFileReference; fileEncoding = 4; lastKnownFileType = sourcecode.swift; path = KeyChain.swift; sourceTree = "<group>"; };
		458BA5372372C1DC004CA9E4 /* app.swift */ = {isa = PBXFileReference; fileEncoding = 4; lastKnownFileType = sourcecode.swift; path = app.swift; sourceTree = "<group>"; };
		458BA5382372C1DD004CA9E4 /* Then.swift */ = {isa = PBXFileReference; fileEncoding = 4; lastKnownFileType = sourcecode.swift; path = Then.swift; sourceTree = "<group>"; };
		458BA53E2372C1FA004CA9E4 /* Optional+Rx.swift */ = {isa = PBXFileReference; fileEncoding = 4; lastKnownFileType = sourcecode.swift; path = "Optional+Rx.swift"; sourceTree = "<group>"; };
		458BA53F2372C1FB004CA9E4 /* UIImagePickerController+Rx.swift */ = {isa = PBXFileReference; fileEncoding = 4; lastKnownFileType = sourcecode.swift; path = "UIImagePickerController+Rx.swift"; sourceTree = "<group>"; };
		458BA5402372C1FB004CA9E4 /* Objective.swift */ = {isa = PBXFileReference; fileEncoding = 4; lastKnownFileType = sourcecode.swift; path = Objective.swift; sourceTree = "<group>"; };
		458BA5412372C1FB004CA9E4 /* NSObject+dispose.swift */ = {isa = PBXFileReference; fileEncoding = 4; lastKnownFileType = sourcecode.swift; path = "NSObject+dispose.swift"; sourceTree = "<group>"; };
		458BA5422372C1FC004CA9E4 /* UITextField+Rx.swift */ = {isa = PBXFileReference; fileEncoding = 4; lastKnownFileType = sourcecode.swift; path = "UITextField+Rx.swift"; sourceTree = "<group>"; };
		458BA5432372C1FC004CA9E4 /* HasReuseDisposeBag.swift */ = {isa = PBXFileReference; fileEncoding = 4; lastKnownFileType = sourcecode.swift; path = HasReuseDisposeBag.swift; sourceTree = "<group>"; };
		458BA5442372C1FD004CA9E4 /* NSObject+objc.swift */ = {isa = PBXFileReference; fileEncoding = 4; lastKnownFileType = sourcecode.swift; path = "NSObject+objc.swift"; sourceTree = "<group>"; };
		458BA5452372C1FD004CA9E4 /* RxImagePickerDelegateProxy.swift */ = {isa = PBXFileReference; fileEncoding = 4; lastKnownFileType = sourcecode.swift; path = RxImagePickerDelegateProxy.swift; sourceTree = "<group>"; };
		458BA5462372C1FD004CA9E4 /* Notification+Rx.swift */ = {isa = PBXFileReference; fileEncoding = 4; lastKnownFileType = sourcecode.swift; path = "Notification+Rx.swift"; sourceTree = "<group>"; };
		458BA5472372C1FE004CA9E4 /* timer+Rx.swift */ = {isa = PBXFileReference; fileEncoding = 4; lastKnownFileType = sourcecode.swift; path = "timer+Rx.swift"; sourceTree = "<group>"; };
		458BA5482372C1FE004CA9E4 /* CanGetImage.swift */ = {isa = PBXFileReference; fileEncoding = 4; lastKnownFileType = sourcecode.swift; path = CanGetImage.swift; sourceTree = "<group>"; };
		458BA5552372C269004CA9E4 /* PlaceholderTextView.swift */ = {isa = PBXFileReference; fileEncoding = 4; lastKnownFileType = sourcecode.swift; path = PlaceholderTextView.swift; sourceTree = "<group>"; };
		458BA5562372C269004CA9E4 /* CardView.swift */ = {isa = PBXFileReference; fileEncoding = 4; lastKnownFileType = sourcecode.swift; path = CardView.swift; sourceTree = "<group>"; };
		458BA5572372C26A004CA9E4 /* ColorLabel.swift */ = {isa = PBXFileReference; fileEncoding = 4; lastKnownFileType = sourcecode.swift; path = ColorLabel.swift; sourceTree = "<group>"; };
		458BA5582372C26A004CA9E4 /* CardButton.swift */ = {isa = PBXFileReference; fileEncoding = 4; lastKnownFileType = sourcecode.swift; path = CardButton.swift; sourceTree = "<group>"; };
		458BA5592372C26B004CA9E4 /* PaomaLabel.swift */ = {isa = PBXFileReference; fileEncoding = 4; lastKnownFileType = sourcecode.swift; path = PaomaLabel.swift; sourceTree = "<group>"; };
		458BA55A2372C26B004CA9E4 /* SelfSizeTextView.swift */ = {isa = PBXFileReference; fileEncoding = 4; lastKnownFileType = sourcecode.swift; path = SelfSizeTextView.swift; sourceTree = "<group>"; };
		458BA55B2372C26B004CA9E4 /* ColorButton.swift */ = {isa = PBXFileReference; fileEncoding = 4; lastKnownFileType = sourcecode.swift; path = ColorButton.swift; sourceTree = "<group>"; };
		458BA55C2372C26C004CA9E4 /* CircleProgressView.swift */ = {isa = PBXFileReference; fileEncoding = 4; lastKnownFileType = sourcecode.swift; path = CircleProgressView.swift; sourceTree = "<group>"; };
		458BA55D2372C26C004CA9E4 /* PlayingAnimatView.swift */ = {isa = PBXFileReference; fileEncoding = 4; lastKnownFileType = sourcecode.swift; path = PlayingAnimatView.swift; sourceTree = "<group>"; };
		458BA5682372C280004CA9E4 /* ImageSelectPicker.swift */ = {isa = PBXFileReference; fileEncoding = 4; lastKnownFileType = sourcecode.swift; path = ImageSelectPicker.swift; sourceTree = "<group>"; };
		458BA5692372C281004CA9E4 /* PopTransition.swift */ = {isa = PBXFileReference; fileEncoding = 4; lastKnownFileType = sourcecode.swift; path = PopTransition.swift; sourceTree = "<group>"; };
		458BA56A2372C281004CA9E4 /* PercentTransition.swift */ = {isa = PBXFileReference; fileEncoding = 4; lastKnownFileType = sourcecode.swift; path = PercentTransition.swift; sourceTree = "<group>"; };
		458BA56B2372C282004CA9E4 /* Transition.swift */ = {isa = PBXFileReference; fileEncoding = 4; lastKnownFileType = sourcecode.swift; path = Transition.swift; sourceTree = "<group>"; };
		458BA56C2372C282004CA9E4 /* LookImageScrollView.swift */ = {isa = PBXFileReference; fileEncoding = 4; lastKnownFileType = sourcecode.swift; path = LookImageScrollView.swift; sourceTree = "<group>"; };
		458BA56D2372C283004CA9E4 /* AlbumSelectPicker.swift */ = {isa = PBXFileReference; fileEncoding = 4; lastKnownFileType = sourcecode.swift; path = AlbumSelectPicker.swift; sourceTree = "<group>"; };
		458BA56E2372C284004CA9E4 /* LookImageViewController.swift */ = {isa = PBXFileReference; fileEncoding = 4; lastKnownFileType = sourcecode.swift; path = LookImageViewController.swift; sourceTree = "<group>"; };
		458BA56F2372C284004CA9E4 /* ImageSelector.swift */ = {isa = PBXFileReference; fileEncoding = 4; lastKnownFileType = sourcecode.swift; path = ImageSelector.swift; sourceTree = "<group>"; };
		458BA5702372C285004CA9E4 /* CanGetImage+.swift */ = {isa = PBXFileReference; fileEncoding = 4; lastKnownFileType = sourcecode.swift; path = "CanGetImage+.swift"; sourceTree = "<group>"; };
		458BA5712372C286004CA9E4 /* LookImageModel.swift */ = {isa = PBXFileReference; fileEncoding = 4; lastKnownFileType = sourcecode.swift; path = LookImageModel.swift; sourceTree = "<group>"; };
		458BA5722372C286004CA9E4 /* PushTransition.swift */ = {isa = PBXFileReference; fileEncoding = 4; lastKnownFileType = sourcecode.swift; path = PushTransition.swift; sourceTree = "<group>"; };
		45B2A7F822DF05E2001A1652 /* SwifterUI.app */ = {isa = PBXFileReference; explicitFileType = wrapper.application; includeInIndex = 0; path = SwifterUI.app; sourceTree = BUILT_PRODUCTS_DIR; };
		45B2A7FB22DF05E2001A1652 /* AppDelegate.swift */ = {isa = PBXFileReference; lastKnownFileType = sourcecode.swift; path = AppDelegate.swift; sourceTree = "<group>"; };
		45B2A80122DF05E4001A1652 /* Assets.xcassets */ = {isa = PBXFileReference; lastKnownFileType = folder.assetcatalog; path = Assets.xcassets; sourceTree = "<group>"; };
		45B2A80722DF05E4001A1652 /* Base */ = {isa = PBXFileReference; lastKnownFileType = file.storyboard; name = Base; path = Base.lproj/LaunchScreen.storyboard; sourceTree = "<group>"; };
		45B2A80922DF05E4001A1652 /* Info.plist */ = {isa = PBXFileReference; lastKnownFileType = text.plist.xml; path = Info.plist; sourceTree = "<group>"; };
		45B2A81022DF06E4001A1652 /* Color+.swift */ = {isa = PBXFileReference; lastKnownFileType = sourcecode.swift; path = "Color+.swift"; sourceTree = "<group>"; };
		70E0C46911FCA16E29C76943 /* Pods-SwifterUI.release.xcconfig */ = {isa = PBXFileReference; includeInIndex = 1; lastKnownFileType = text.xcconfig; name = "Pods-SwifterUI.release.xcconfig"; path = "Target Support Files/Pods-SwifterUI/Pods-SwifterUI.release.xcconfig"; sourceTree = "<group>"; };
		F0D7D8D1EA2867C65DFB2751 /* Pods-SwifterUI.debug.xcconfig */ = {isa = PBXFileReference; includeInIndex = 1; lastKnownFileType = text.xcconfig; name = "Pods-SwifterUI.debug.xcconfig"; path = "Target Support Files/Pods-SwifterUI/Pods-SwifterUI.debug.xcconfig"; sourceTree = "<group>"; };
/* End PBXFileReference section */

/* Begin PBXFrameworksBuildPhase section */
		45B2A7F522DF05E2001A1652 /* Frameworks */ = {
			isa = PBXFrameworksBuildPhase;
			buildActionMask = 2147483647;
			files = (
				3F350D9B2E2C6868FEA91FAF /* Pods_SwifterUI.framework in Frameworks */,
			);
			runOnlyForDeploymentPostprocessing = 0;
		};
/* End PBXFrameworksBuildPhase section */

/* Begin PBXGroup section */
		4089708EB639EAC50342DBF9 /* Pods */ = {
			isa = PBXGroup;
			children = (
				F0D7D8D1EA2867C65DFB2751 /* Pods-SwifterUI.debug.xcconfig */,
				70E0C46911FCA16E29C76943 /* Pods-SwifterUI.release.xcconfig */,
			);
			path = Pods;
			sourceTree = "<group>";
		};
		450F115F23766F6600EBBF5E /* Resources */ = {
			isa = PBXGroup;
			children = (
				450F116023766F6600EBBF5E /* apc_bt_down@3x.png */,
				450F116123766F6600EBBF5E /* apc_bt_down@2x.png */,
				450F116223766F6600EBBF5E /* Image.storyboard */,
				450F116323766F6600EBBF5E /* apc_bt_selected_off@2x.png */,
				450F116423766F6600EBBF5E /* apc_bt_selected_on@2x.png */,
				450F116523766F6600EBBF5E /* apc_bt_selected_on@3x.png */,
				450F116623766F6600EBBF5E /* apc_bt_selected_off@3x.png */,
				450F116723766F6600EBBF5E /* apc_bt_up@2x.png */,
				450F116823766F6600EBBF5E /* apc_bt_up@3x.png */,
			);
			path = Resources;
			sourceTree = "<group>";
		};
		458BA4C423725E90004CA9E4 /* SB */ = {
			isa = PBXGroup;
			children = (
				458BA5672372C277004CA9E4 /* Photo */,
				458BA5542372C255004CA9E4 /* Widget */,
				458BA53D2372C1F1004CA9E4 /* Rx */,
				458BA5342372C1CE004CA9E4 /* Tools */,
				458BA5212372C0A3004CA9E4 /* Foundation */,
				458BA5082372C064004CA9E4 /* Kit */,
				458BA4FB2372BB96004CA9E4 /* Refresh */,
				458BA4EC2372BB1F004CA9E4 /* Json */,
				458BA4E52372B178004CA9E4 /* Banner */,
				458BA4D223729C8E004CA9E4 /* HUD */,
				458BA4C623725EBB004CA9E4 /* Base */,
			);
			path = SB;
			sourceTree = "<group>";
		};
		458BA4C523725EAD004CA9E4 /* SwiftUI */ = {
			isa = PBXGroup;
			children = (
			);
			path = SwiftUI;
			sourceTree = "<group>";
		};
		458BA4C623725EBB004CA9E4 /* Base */ = {
			isa = PBXGroup;
			children = (
				458BA4C723725EED004CA9E4 /* BaseVcProtocol.swift */,
				458BA4CB23725F8A004CA9E4 /* BaseNavViewController.swift */,
				458BA4C923725F16004CA9E4 /* BaseViewController.swift */,
				458BA4CD23725FA9004CA9E4 /* BaseTableViewController.swift */,
				458BA4CF23726003004CA9E4 /* BaseCollectionViewController.swift */,
			);
			path = Base;
			sourceTree = "<group>";
		};
		458BA4D223729C8E004CA9E4 /* HUD */ = {
			isa = PBXGroup;
			children = (
				458BA4D323729C98004CA9E4 /* HUD.swift */,
				458BA4D623729CA5004CA9E4 /* MBProgressHUD.h */,
				458BA4D723729CA5004CA9E4 /* MBProgressHUD.m */,
			);
			path = HUD;
			sourceTree = "<group>";
		};
		458BA4E52372B178004CA9E4 /* Banner */ = {
			isa = PBXGroup;
			children = (
				458BA4E62372B19A004CA9E4 /* Cache.swift */,
				458BA4E82372B1A5004CA9E4 /* NSTimer+Closure.swift */,
				458BA4EA2372B1B0004CA9E4 /* BNBannerScrollView.swift */,
			);
			path = Banner;
			sourceTree = "<group>";
		};
		458BA4EC2372BB1F004CA9E4 /* Json */ = {
			isa = PBXGroup;
			children = (
				458BA4EF2372BB2B004CA9E4 /* JSONParser.swift */,
				458BA4ED2372BB2B004CA9E4 /* JSONParser+.swift */,
				458BA4F02372BB2C004CA9E4 /* Array+json.swift */,
				458BA4EE2372BB2B004CA9E4 /* Data+json.swift */,
				458BA4F22372BB2C004CA9E4 /* Dictionary+json.swift */,
				458BA4F32372BB2D004CA9E4 /* Json+.swift */,
				458BA4F12372BB2C004CA9E4 /* String+json.swift */,
			);
			path = Json;
			sourceTree = "<group>";
		};
		458BA4FB2372BB96004CA9E4 /* Refresh */ = {
			isa = PBXGroup;
			children = (
				458BA4FC2372BBA3004CA9E4 /* ZHRefresh.swift */,
				458BA4FE2372BBA3004CA9E4 /* ZHRefreshFooter.swift */,
				458BA4FD2372BBA3004CA9E4 /* ZHRefreshHeader.swift */,
				458BA4FF2372BBA4004CA9E4 /* BallAnimationView.swift */,
			);
			path = Refresh;
			sourceTree = "<group>";
		};
		458BA5082372C064004CA9E4 /* Kit */ = {
			isa = PBXGroup;
			children = (
				458BA5102372C071004CA9E4 /* Cell+.swift */,
				458BA50E2372C070004CA9E4 /* StoryBoard+IB.swift */,
				458BA50A2372C06E004CA9E4 /* UIColor+.swift */,
				458BA5112372C071004CA9E4 /* UIImage+.swift */,
				458BA50B2372C06F004CA9E4 /* UINavigationController+.swift */,
				458BA5132372C072004CA9E4 /* UIScrollView+.swift */,
				458BA50F2372C070004CA9E4 /* UIView+.swift */,
				458BA5092372C06E004CA9E4 /* UIView+badge.swift */,
				458BA5122372C072004CA9E4 /* UIView+draw.swift */,
				458BA5142372C073004CA9E4 /* UIView+frame.swift */,
				458BA50C2372C06F004CA9E4 /* UIViewController+.swift */,
				458BA50D2372C070004CA9E4 /* UIViewController+Alert.swift */,
			);
			path = Kit;
			sourceTree = "<group>";
		};
		458BA5212372C0A3004CA9E4 /* Foundation */ = {
			isa = PBXGroup;
			children = (
				458BA5232372C0AF004CA9E4 /* String+.swift */,
				458BA5272372C0B3004CA9E4 /* CGFloat+.swift */,
				458BA5252372C0B2004CA9E4 /* Number+.swift */,
				458BA5242372C0B0004CA9E4 /* Array+.swift */,
				458BA5262372C0B3004CA9E4 /* Date+.swift */,
				458BA5222372C0AF004CA9E4 /* ZHDate.swift */,
				458BA52A2372C0B5004CA9E4 /* Data+.swift */,
				458BA5282372C0B4004CA9E4 /* Bundle+.swift */,
				458BA5292372C0B4004CA9E4 /* Number+random.swift */,
			);
			path = Foundation;
			sourceTree = "<group>";
		};
		458BA5342372C1CE004CA9E4 /* Tools */ = {
			isa = PBXGroup;
			children = (
				458BA5372372C1DC004CA9E4 /* app.swift */,
				458BA5362372C1DC004CA9E4 /* KeyChain.swift */,
				458BA5352372C1DC004CA9E4 /* Queue.swift */,
				458BA5382372C1DD004CA9E4 /* Then.swift */,
			);
			path = Tools;
			sourceTree = "<group>";
		};
		458BA53D2372C1F1004CA9E4 /* Rx */ = {
			isa = PBXGroup;
			children = (
				458BA5432372C1FC004CA9E4 /* HasReuseDisposeBag.swift */,
				458BA5422372C1FC004CA9E4 /* UITextField+Rx.swift */,
				458BA5462372C1FD004CA9E4 /* Notification+Rx.swift */,
				458BA5482372C1FE004CA9E4 /* CanGetImage.swift */,
				458BA53E2372C1FA004CA9E4 /* Optional+Rx.swift */,
				458BA5472372C1FE004CA9E4 /* timer+Rx.swift */,
				458BA53F2372C1FB004CA9E4 /* UIImagePickerController+Rx.swift */,
				458BA5452372C1FD004CA9E4 /* RxImagePickerDelegateProxy.swift */,
				458BA5442372C1FD004CA9E4 /* NSObject+objc.swift */,
				458BA5402372C1FB004CA9E4 /* Objective.swift */,
				458BA5412372C1FB004CA9E4 /* NSObject+dispose.swift */,
			);
			path = Rx;
			sourceTree = "<group>";
		};
		458BA5542372C255004CA9E4 /* Widget */ = {
			isa = PBXGroup;
			children = (
				458BA5582372C26A004CA9E4 /* CardButton.swift */,
				458BA5562372C269004CA9E4 /* CardView.swift */,
				458BA55C2372C26C004CA9E4 /* CircleProgressView.swift */,
				458BA55B2372C26B004CA9E4 /* ColorButton.swift */,
				458BA5572372C26A004CA9E4 /* ColorLabel.swift */,
				458BA5592372C26B004CA9E4 /* PaomaLabel.swift */,
				458BA5552372C269004CA9E4 /* PlaceholderTextView.swift */,
				458BA55D2372C26C004CA9E4 /* PlayingAnimatView.swift */,
				458BA55A2372C26B004CA9E4 /* SelfSizeTextView.swift */,
			);
			path = Widget;
			sourceTree = "<group>";
		};
		458BA5672372C277004CA9E4 /* Photo */ = {
			isa = PBXGroup;
			children = (
				450F115F23766F6600EBBF5E /* Resources */,
				458BA5702372C285004CA9E4 /* CanGetImage+.swift */,
				458BA56F2372C284004CA9E4 /* ImageSelector.swift */,
				458BA56D2372C283004CA9E4 /* AlbumSelectPicker.swift */,
				458BA5682372C280004CA9E4 /* ImageSelectPicker.swift */,
				458BA5712372C286004CA9E4 /* LookImageModel.swift */,
				458BA56C2372C282004CA9E4 /* LookImageScrollView.swift */,
				458BA56E2372C284004CA9E4 /* LookImageViewController.swift */,
				458BA56B2372C282004CA9E4 /* Transition.swift */,
				458BA56A2372C281004CA9E4 /* PercentTransition.swift */,
				458BA5692372C281004CA9E4 /* PopTransition.swift */,
				458BA5722372C286004CA9E4 /* PushTransition.swift */,
			);
			path = Photo;
			sourceTree = "<group>";
		};
		45B2A7EF22DF05E2001A1652 = {
			isa = PBXGroup;
			children = (
				45B2A7FA22DF05E2001A1652 /* SwifterUI */,
				45B2A7F922DF05E2001A1652 /* Products */,
				4089708EB639EAC50342DBF9 /* Pods */,
				77C8468C256C8144C64DAE7F /* Frameworks */,
			);
			sourceTree = "<group>";
		};
		45B2A7F922DF05E2001A1652 /* Products */ = {
			isa = PBXGroup;
			children = (
				45B2A7F822DF05E2001A1652 /* SwifterUI.app */,
			);
			name = Products;
			sourceTree = "<group>";
		};
		45B2A7FA22DF05E2001A1652 /* SwifterUI */ = {
			isa = PBXGroup;
			children = (
				458BA4C423725E90004CA9E4 /* SB */,
				458BA4C523725EAD004CA9E4 /* SwiftUI */,
				45B2A80F22DF06C6001A1652 /* Extensions */,
				45B2A7FB22DF05E2001A1652 /* AppDelegate.swift */,
				458BA5062372BF09004CA9E4 /* ViewController.swift */,
				45B2A80122DF05E4001A1652 /* Assets.xcassets */,
				458BA5042372BEC8004CA9E4 /* Main.storyboard */,
				45B2A80622DF05E4001A1652 /* LaunchScreen.storyboard */,
				45B2A80922DF05E4001A1652 /* Info.plist */,
				458BA4D123729C59004CA9E4 /* Bridging-Header.h */,
				450F115D23766E2B00EBBF5E /* apc.podspec */,
			);
			path = SwifterUI;
			sourceTree = "<group>";
		};
		45B2A80F22DF06C6001A1652 /* Extensions */ = {
			isa = PBXGroup;
			children = (
				45B2A81022DF06E4001A1652 /* Color+.swift */,
			);
			path = Extensions;
			sourceTree = "<group>";
		};
		77C8468C256C8144C64DAE7F /* Frameworks */ = {
			isa = PBXGroup;
			children = (
				2D03B01637FBB0C4F2A30995 /* Pods_SwifterUI.framework */,
			);
			name = Frameworks;
			sourceTree = "<group>";
		};
/* End PBXGroup section */

/* Begin PBXHeadersBuildPhase section */
		458BA4D923729D5B004CA9E4 /* Headers */ = {
			isa = PBXHeadersBuildPhase;
			buildActionMask = 2147483647;
			files = (
				458BA4DA23729D78004CA9E4 /* MBProgressHUD.h in Headers */,
			);
			runOnlyForDeploymentPostprocessing = 0;
		};
/* End PBXHeadersBuildPhase section */

/* Begin PBXNativeTarget section */
		45B2A7F722DF05E2001A1652 /* SwifterUI */ = {
			isa = PBXNativeTarget;
			buildConfigurationList = 45B2A80C22DF05E4001A1652 /* Build configuration list for PBXNativeTarget "SwifterUI" */;
			buildPhases = (
				952FC9FF3406A8F85B812402 /* [CP] Check Pods Manifest.lock */,
				458BA4D923729D5B004CA9E4 /* Headers */,
				45B2A7F422DF05E2001A1652 /* Sources */,
				45B2A7F522DF05E2001A1652 /* Frameworks */,
				45B2A7F622DF05E2001A1652 /* Resources */,
				6DD80DCC0AB32AD2B73F9747 /* [CP] Embed Pods Frameworks */,
			);
			buildRules = (
			);
			dependencies = (
			);
			name = SwifterUI;
			productName = SwifterUI;
			productReference = 45B2A7F822DF05E2001A1652 /* SwifterUI.app */;
			productType = "com.apple.product-type.application";
		};
/* End PBXNativeTarget section */

/* Begin PBXProject section */
		45B2A7F022DF05E2001A1652 /* Project object */ = {
			isa = PBXProject;
			attributes = {
				LastSwiftUpdateCheck = 1100;
				LastUpgradeCheck = 1100;
				ORGANIZATIONNAME = uke;
				TargetAttributes = {
					45B2A7F722DF05E2001A1652 = {
						CreatedOnToolsVersion = 11.0;
						LastSwiftMigration = 1110;
					};
				};
			};
			buildConfigurationList = 45B2A7F322DF05E2001A1652 /* Build configuration list for PBXProject "SwifterUI" */;
			compatibilityVersion = "Xcode 9.3";
			developmentRegion = en;
			hasScannedForEncodings = 0;
			knownRegions = (
				en,
				Base,
			);
			mainGroup = 45B2A7EF22DF05E2001A1652;
			productRefGroup = 45B2A7F922DF05E2001A1652 /* Products */;
			projectDirPath = "";
			projectRoot = "";
			targets = (
				45B2A7F722DF05E2001A1652 /* SwifterUI */,
			);
		};
/* End PBXProject section */

/* Begin PBXResourcesBuildPhase section */
		45B2A7F622DF05E2001A1652 /* Resources */ = {
			isa = PBXResourcesBuildPhase;
			buildActionMask = 2147483647;
			files = (
				450F116B23766F6600EBBF5E /* Image.storyboard in Resources */,
				450F116923766F6600EBBF5E /* apc_bt_down@3x.png in Resources */,
				450F116C23766F6600EBBF5E /* apc_bt_selected_off@2x.png in Resources */,
				458BA5052372BEC8004CA9E4 /* Main.storyboard in Resources */,
				45B2A80822DF05E4001A1652 /* LaunchScreen.storyboard in Resources */,
				450F117123766F6600EBBF5E /* apc_bt_up@3x.png in Resources */,
				45B2A80222DF05E4001A1652 /* Assets.xcassets in Resources */,
				450F116F23766F6600EBBF5E /* apc_bt_selected_off@3x.png in Resources */,
				450F115E23766E2B00EBBF5E /* apc.podspec in Resources */,
				450F116D23766F6600EBBF5E /* apc_bt_selected_on@2x.png in Resources */,
				450F116E23766F6600EBBF5E /* apc_bt_selected_on@3x.png in Resources */,
				450F117023766F6600EBBF5E /* apc_bt_up@2x.png in Resources */,
				450F116A23766F6600EBBF5E /* apc_bt_down@2x.png in Resources */,
			);
			runOnlyForDeploymentPostprocessing = 0;
		};
/* End PBXResourcesBuildPhase section */

/* Begin PBXShellScriptBuildPhase section */
		6DD80DCC0AB32AD2B73F9747 /* [CP] Embed Pods Frameworks */ = {
			isa = PBXShellScriptBuildPhase;
			buildActionMask = 2147483647;
			files = (
			);
			inputFileListPaths = (
				"${PODS_ROOT}/Target Support Files/Pods-SwifterUI/Pods-SwifterUI-frameworks-${CONFIGURATION}-input-files.xcfilelist",
			);
			name = "[CP] Embed Pods Frameworks";
			outputFileListPaths = (
				"${PODS_ROOT}/Target Support Files/Pods-SwifterUI/Pods-SwifterUI-frameworks-${CONFIGURATION}-output-files.xcfilelist",
			);
			runOnlyForDeploymentPostprocessing = 0;
			shellPath = /bin/sh;
			shellScript = "\"${PODS_ROOT}/Target Support Files/Pods-SwifterUI/Pods-SwifterUI-frameworks.sh\"\n";
			showEnvVarsInLog = 0;
		};
		952FC9FF3406A8F85B812402 /* [CP] Check Pods Manifest.lock */ = {
			isa = PBXShellScriptBuildPhase;
			buildActionMask = 2147483647;
			files = (
			);
			inputFileListPaths = (
			);
			inputPaths = (
				"${PODS_PODFILE_DIR_PATH}/Podfile.lock",
				"${PODS_ROOT}/Manifest.lock",
			);
			name = "[CP] Check Pods Manifest.lock";
			outputFileListPaths = (
			);
			outputPaths = (
				"$(DERIVED_FILE_DIR)/Pods-SwifterUI-checkManifestLockResult.txt",
			);
			runOnlyForDeploymentPostprocessing = 0;
			shellPath = /bin/sh;
			shellScript = "diff \"${PODS_PODFILE_DIR_PATH}/Podfile.lock\" \"${PODS_ROOT}/Manifest.lock\" > /dev/null\nif [ $? != 0 ] ; then\n    # print error to STDERR\n    echo \"error: The sandbox is not in sync with the Podfile.lock. Run 'pod install' or update your CocoaPods installation.\" >&2\n    exit 1\nfi\n# This output is used by Xcode 'outputs' to avoid re-running this script phase.\necho \"SUCCESS\" > \"${SCRIPT_OUTPUT_FILE_0}\"\n";
			showEnvVarsInLog = 0;
		};
/* End PBXShellScriptBuildPhase section */

/* Begin PBXSourcesBuildPhase section */
		45B2A7F422DF05E2001A1652 /* Sources */ = {
			isa = PBXSourcesBuildPhase;
			buildActionMask = 2147483647;
			files = (
				458BA5322372C0B5004CA9E4 /* Number+random.swift in Sources */,
				458BA5152372C073004CA9E4 /* UIView+badge.swift in Sources */,
				458BA5032372BBA4004CA9E4 /* BallAnimationView.swift in Sources */,
				458BA5782372C286004CA9E4 /* AlbumSelectPicker.swift in Sources */,
				458BA5002372BBA4004CA9E4 /* ZHRefresh.swift in Sources */,
				458BA53B2372C1DD004CA9E4 /* app.swift in Sources */,
				458BA5792372C286004CA9E4 /* LookImageViewController.swift in Sources */,
				458BA5022372BBA4004CA9E4 /* ZHRefreshFooter.swift in Sources */,
				458BA5602372C26C004CA9E4 /* ColorLabel.swift in Sources */,
				458BA5502372C1FE004CA9E4 /* RxImagePickerDelegateProxy.swift in Sources */,
				458BA54A2372C1FE004CA9E4 /* UIImagePickerController+Rx.swift in Sources */,
				458BA5302372C0B5004CA9E4 /* CGFloat+.swift in Sources */,
				458BA52C2372C0B5004CA9E4 /* String+.swift in Sources */,
				458BA5662372C26C004CA9E4 /* PlayingAnimatView.swift in Sources */,
				458BA53A2372C1DD004CA9E4 /* KeyChain.swift in Sources */,
				458BA51A2372C073004CA9E4 /* StoryBoard+IB.swift in Sources */,
				458BA5762372C286004CA9E4 /* Transition.swift in Sources */,
				458BA4F82372BB2D004CA9E4 /* String+json.swift in Sources */,
				458BA57A2372C286004CA9E4 /* ImageSelector.swift in Sources */,
				458BA52E2372C0B5004CA9E4 /* Number+.swift in Sources */,
				458BA4CE23725FA9004CA9E4 /* BaseTableViewController.swift in Sources */,
				45B2A7FC22DF05E2001A1652 /* AppDelegate.swift in Sources */,
				458BA5642372C26C004CA9E4 /* ColorButton.swift in Sources */,
				458BA4F62372BB2D004CA9E4 /* JSONParser.swift in Sources */,
				458BA54F2372C1FE004CA9E4 /* NSObject+objc.swift in Sources */,
				458BA52F2372C0B5004CA9E4 /* Date+.swift in Sources */,
				458BA5732372C286004CA9E4 /* ImageSelectPicker.swift in Sources */,
				458BA51C2372C073004CA9E4 /* Cell+.swift in Sources */,
				458BA4C823725EED004CA9E4 /* BaseVcProtocol.swift in Sources */,
				45B2A81122DF06E4001A1652 /* Color+.swift in Sources */,
				458BA52D2372C0B5004CA9E4 /* Array+.swift in Sources */,
				458BA55E2372C26C004CA9E4 /* PlaceholderTextView.swift in Sources */,
				458BA53C2372C1DD004CA9E4 /* Then.swift in Sources */,
				458BA5172372C073004CA9E4 /* UINavigationController+.swift in Sources */,
				458BA57D2372C286004CA9E4 /* PushTransition.swift in Sources */,
				458BA5512372C1FE004CA9E4 /* Notification+Rx.swift in Sources */,
				458BA5742372C286004CA9E4 /* PopTransition.swift in Sources */,
				458BA4F72372BB2D004CA9E4 /* Array+json.swift in Sources */,
				458BA5012372BBA4004CA9E4 /* ZHRefreshHeader.swift in Sources */,
				458BA5772372C286004CA9E4 /* LookImageScrollView.swift in Sources */,
				458BA4F92372BB2D004CA9E4 /* Dictionary+json.swift in Sources */,
				458BA5312372C0B5004CA9E4 /* Bundle+.swift in Sources */,
				458BA4F52372BB2D004CA9E4 /* Data+json.swift in Sources */,
				458BA4FA2372BB2D004CA9E4 /* Json+.swift in Sources */,
				458BA5332372C0B5004CA9E4 /* Data+.swift in Sources */,
				458BA57B2372C286004CA9E4 /* CanGetImage+.swift in Sources */,
				458BA5622372C26C004CA9E4 /* PaomaLabel.swift in Sources */,
				458BA4E72372B19A004CA9E4 /* Cache.swift in Sources */,
				458BA4D423729C98004CA9E4 /* HUD.swift in Sources */,
				458BA4D823729CA5004CA9E4 /* MBProgressHUD.m in Sources */,
				458BA52B2372C0B5004CA9E4 /* ZHDate.swift in Sources */,
				458BA54E2372C1FE004CA9E4 /* HasReuseDisposeBag.swift in Sources */,
				458BA5752372C286004CA9E4 /* PercentTransition.swift in Sources */,
				458BA4CC23725F8B004CA9E4 /* BaseNavViewController.swift in Sources */,
				458BA4CA23725F16004CA9E4 /* BaseViewController.swift in Sources */,
				458BA5492372C1FE004CA9E4 /* Optional+Rx.swift in Sources */,
				458BA5192372C073004CA9E4 /* UIViewController+Alert.swift in Sources */,
				458BA5072372BF09004CA9E4 /* ViewController.swift in Sources */,
				458BA5392372C1DD004CA9E4 /* Queue.swift in Sources */,
				458BA51B2372C073004CA9E4 /* UIView+.swift in Sources */,
				458BA54C2372C1FE004CA9E4 /* NSObject+dispose.swift in Sources */,
				458BA4E92372B1A5004CA9E4 /* NSTimer+Closure.swift in Sources */,
				458BA54B2372C1FE004CA9E4 /* Objective.swift in Sources */,
				458BA5612372C26C004CA9E4 /* CardButton.swift in Sources */,
				458BA57C2372C286004CA9E4 /* LookImageModel.swift in Sources */,
				458BA4D023726003004CA9E4 /* BaseCollectionViewController.swift in Sources */,
				458BA5202372C073004CA9E4 /* UIView+frame.swift in Sources */,
				458BA5162372C073004CA9E4 /* UIColor+.swift in Sources */,
				458BA5182372C073004CA9E4 /* UIViewController+.swift in Sources */,
				458BA5652372C26C004CA9E4 /* CircleProgressView.swift in Sources */,
				458BA5522372C1FE004CA9E4 /* timer+Rx.swift in Sources */,
				458BA51D2372C073004CA9E4 /* UIImage+.swift in Sources */,
				458BA54D2372C1FE004CA9E4 /* UITextField+Rx.swift in Sources */,
				458BA55F2372C26C004CA9E4 /* CardView.swift in Sources */,
				458BA5532372C1FE004CA9E4 /* CanGetImage.swift in Sources */,
				458BA5632372C26C004CA9E4 /* SelfSizeTextView.swift in Sources */,
				458BA4F42372BB2D004CA9E4 /* JSONParser+.swift in Sources */,
				458BA4EB2372B1B0004CA9E4 /* BNBannerScrollView.swift in Sources */,
				458BA51E2372C073004CA9E4 /* UIView+draw.swift in Sources */,
				458BA51F2372C073004CA9E4 /* UIScrollView+.swift in Sources */,
			);
			runOnlyForDeploymentPostprocessing = 0;
		};
/* End PBXSourcesBuildPhase section */

/* Begin PBXVariantGroup section */
		45B2A80622DF05E4001A1652 /* LaunchScreen.storyboard */ = {
			isa = PBXVariantGroup;
			children = (
				45B2A80722DF05E4001A1652 /* Base */,
			);
			name = LaunchScreen.storyboard;
			sourceTree = "<group>";
		};
/* End PBXVariantGroup section */

/* Begin XCBuildConfiguration section */
		45B2A80A22DF05E4001A1652 /* Debug */ = {
			isa = XCBuildConfiguration;
			buildSettings = {
				ALWAYS_SEARCH_USER_PATHS = NO;
				CLANG_ANALYZER_NONNULL = YES;
				CLANG_ANALYZER_NUMBER_OBJECT_CONVERSION = YES_AGGRESSIVE;
				CLANG_CXX_LANGUAGE_STANDARD = "gnu++14";
				CLANG_CXX_LIBRARY = "libc++";
				CLANG_ENABLE_MODULES = YES;
				CLANG_ENABLE_OBJC_ARC = YES;
				CLANG_ENABLE_OBJC_WEAK = YES;
				CLANG_WARN_BLOCK_CAPTURE_AUTORELEASING = YES;
				CLANG_WARN_BOOL_CONVERSION = YES;
				CLANG_WARN_COMMA = YES;
				CLANG_WARN_CONSTANT_CONVERSION = YES;
				CLANG_WARN_DEPRECATED_OBJC_IMPLEMENTATIONS = YES;
				CLANG_WARN_DIRECT_OBJC_ISA_USAGE = YES_ERROR;
				CLANG_WARN_DOCUMENTATION_COMMENTS = YES;
				CLANG_WARN_EMPTY_BODY = YES;
				CLANG_WARN_ENUM_CONVERSION = YES;
				CLANG_WARN_INFINITE_RECURSION = YES;
				CLANG_WARN_INT_CONVERSION = YES;
				CLANG_WARN_NON_LITERAL_NULL_CONVERSION = YES;
				CLANG_WARN_OBJC_IMPLICIT_RETAIN_SELF = YES;
				CLANG_WARN_OBJC_LITERAL_CONVERSION = YES;
				CLANG_WARN_OBJC_ROOT_CLASS = YES_ERROR;
				CLANG_WARN_RANGE_LOOP_ANALYSIS = YES;
				CLANG_WARN_STRICT_PROTOTYPES = YES;
				CLANG_WARN_SUSPICIOUS_MOVE = YES;
				CLANG_WARN_UNGUARDED_AVAILABILITY = YES_AGGRESSIVE;
				CLANG_WARN_UNREACHABLE_CODE = YES;
				CLANG_WARN__DUPLICATE_METHOD_MATCH = YES;
				COPY_PHASE_STRIP = NO;
				DEBUG_INFORMATION_FORMAT = dwarf;
				ENABLE_STRICT_OBJC_MSGSEND = YES;
				ENABLE_TESTABILITY = YES;
				GCC_C_LANGUAGE_STANDARD = gnu11;
				GCC_DYNAMIC_NO_PIC = NO;
				GCC_NO_COMMON_BLOCKS = YES;
				GCC_OPTIMIZATION_LEVEL = 0;
				GCC_PREPROCESSOR_DEFINITIONS = (
					"DEBUG=1",
					"$(inherited)",
				);
				GCC_WARN_64_TO_32_BIT_CONVERSION = YES;
				GCC_WARN_ABOUT_RETURN_TYPE = YES_ERROR;
				GCC_WARN_UNDECLARED_SELECTOR = YES;
				GCC_WARN_UNINITIALIZED_AUTOS = YES_AGGRESSIVE;
				GCC_WARN_UNUSED_FUNCTION = YES;
				GCC_WARN_UNUSED_VARIABLE = YES;
				IPHONEOS_DEPLOYMENT_TARGET = 13.0;
				MTL_ENABLE_DEBUG_INFO = INCLUDE_SOURCE;
				MTL_FAST_MATH = YES;
				ONLY_ACTIVE_ARCH = YES;
				SDKROOT = iphoneos;
				SWIFT_ACTIVE_COMPILATION_CONDITIONS = DEBUG;
				SWIFT_OPTIMIZATION_LEVEL = "-Onone";
			};
			name = Debug;
		};
		45B2A80B22DF05E4001A1652 /* Release */ = {
			isa = XCBuildConfiguration;
			buildSettings = {
				ALWAYS_SEARCH_USER_PATHS = NO;
				CLANG_ANALYZER_NONNULL = YES;
				CLANG_ANALYZER_NUMBER_OBJECT_CONVERSION = YES_AGGRESSIVE;
				CLANG_CXX_LANGUAGE_STANDARD = "gnu++14";
				CLANG_CXX_LIBRARY = "libc++";
				CLANG_ENABLE_MODULES = YES;
				CLANG_ENABLE_OBJC_ARC = YES;
				CLANG_ENABLE_OBJC_WEAK = YES;
				CLANG_WARN_BLOCK_CAPTURE_AUTORELEASING = YES;
				CLANG_WARN_BOOL_CONVERSION = YES;
				CLANG_WARN_COMMA = YES;
				CLANG_WARN_CONSTANT_CONVERSION = YES;
				CLANG_WARN_DEPRECATED_OBJC_IMPLEMENTATIONS = YES;
				CLANG_WARN_DIRECT_OBJC_ISA_USAGE = YES_ERROR;
				CLANG_WARN_DOCUMENTATION_COMMENTS = YES;
				CLANG_WARN_EMPTY_BODY = YES;
				CLANG_WARN_ENUM_CONVERSION = YES;
				CLANG_WARN_INFINITE_RECURSION = YES;
				CLANG_WARN_INT_CONVERSION = YES;
				CLANG_WARN_NON_LITERAL_NULL_CONVERSION = YES;
				CLANG_WARN_OBJC_IMPLICIT_RETAIN_SELF = YES;
				CLANG_WARN_OBJC_LITERAL_CONVERSION = YES;
				CLANG_WARN_OBJC_ROOT_CLASS = YES_ERROR;
				CLANG_WARN_RANGE_LOOP_ANALYSIS = YES;
				CLANG_WARN_STRICT_PROTOTYPES = YES;
				CLANG_WARN_SUSPICIOUS_MOVE = YES;
				CLANG_WARN_UNGUARDED_AVAILABILITY = YES_AGGRESSIVE;
				CLANG_WARN_UNREACHABLE_CODE = YES;
				CLANG_WARN__DUPLICATE_METHOD_MATCH = YES;
				COPY_PHASE_STRIP = NO;
				DEBUG_INFORMATION_FORMAT = "dwarf-with-dsym";
				ENABLE_NS_ASSERTIONS = NO;
				ENABLE_STRICT_OBJC_MSGSEND = YES;
				GCC_C_LANGUAGE_STANDARD = gnu11;
				GCC_NO_COMMON_BLOCKS = YES;
				GCC_WARN_64_TO_32_BIT_CONVERSION = YES;
				GCC_WARN_ABOUT_RETURN_TYPE = YES_ERROR;
				GCC_WARN_UNDECLARED_SELECTOR = YES;
				GCC_WARN_UNINITIALIZED_AUTOS = YES_AGGRESSIVE;
				GCC_WARN_UNUSED_FUNCTION = YES;
				GCC_WARN_UNUSED_VARIABLE = YES;
				IPHONEOS_DEPLOYMENT_TARGET = 13.0;
				MTL_ENABLE_DEBUG_INFO = NO;
				MTL_FAST_MATH = YES;
				SDKROOT = iphoneos;
				SWIFT_COMPILATION_MODE = wholemodule;
				SWIFT_OPTIMIZATION_LEVEL = "-O";
				VALIDATE_PRODUCT = YES;
			};
			name = Release;
		};
		45B2A80D22DF05E4001A1652 /* Debug */ = {
			isa = XCBuildConfiguration;
			baseConfigurationReference = F0D7D8D1EA2867C65DFB2751 /* Pods-SwifterUI.debug.xcconfig */;
			buildSettings = {
				ASSETCATALOG_COMPILER_APPICON_NAME = AppIcon;
				CLANG_ENABLE_MODULES = YES;
				CODE_SIGN_STYLE = Automatic;
				DEVELOPMENT_ASSET_PATHS = "";
				DEVELOPMENT_TEAM = HJQQYZ4D7S;
				ENABLE_PREVIEWS = YES;
				INFOPLIST_FILE = SwifterUI/Info.plist;
				IPHONEOS_DEPLOYMENT_TARGET = 10.0;
				LD_RUNPATH_SEARCH_PATHS = (
					"$(inherited)",
					"@executable_path/Frameworks",
				);
				PRODUCT_BUNDLE_IDENTIFIER = c6z.SwifterUI;
				PRODUCT_NAME = "$(TARGET_NAME)";
				SWIFT_OBJC_BRIDGING_HEADER = "SwifterUI/Bridging-Header.h";
				SWIFT_OPTIMIZATION_LEVEL = "-Onone";
				SWIFT_VERSION = 5.0;
				TARGETED_DEVICE_FAMILY = "1,2";
			};
			name = Debug;
		};
		45B2A80E22DF05E4001A1652 /* Release */ = {
			isa = XCBuildConfiguration;
			baseConfigurationReference = 70E0C46911FCA16E29C76943 /* Pods-SwifterUI.release.xcconfig */;
			buildSettings = {
				ASSETCATALOG_COMPILER_APPICON_NAME = AppIcon;
				CLANG_ENABLE_MODULES = YES;
				CODE_SIGN_STYLE = Automatic;
				DEVELOPMENT_ASSET_PATHS = "";
				DEVELOPMENT_TEAM = HJQQYZ4D7S;
				ENABLE_PREVIEWS = YES;
				INFOPLIST_FILE = SwifterUI/Info.plist;
				IPHONEOS_DEPLOYMENT_TARGET = 10.0;
				LD_RUNPATH_SEARCH_PATHS = (
					"$(inherited)",
					"@executable_path/Frameworks",
				);
				PRODUCT_BUNDLE_IDENTIFIER = c6z.SwifterUI;
				PRODUCT_NAME = "$(TARGET_NAME)";
				SWIFT_OBJC_BRIDGING_HEADER = "SwifterUI/Bridging-Header.h";
				SWIFT_VERSION = 5.0;
				TARGETED_DEVICE_FAMILY = "1,2";
			};
			name = Release;
		};
/* End XCBuildConfiguration section */

/* Begin XCConfigurationList section */
		45B2A7F322DF05E2001A1652 /* Build configuration list for PBXProject "SwifterUI" */ = {
			isa = XCConfigurationList;
			buildConfigurations = (
				45B2A80A22DF05E4001A1652 /* Debug */,
				45B2A80B22DF05E4001A1652 /* Release */,
			);
			defaultConfigurationIsVisible = 0;
			defaultConfigurationName = Release;
		};
		45B2A80C22DF05E4001A1652 /* Build configuration list for PBXNativeTarget "SwifterUI" */ = {
			isa = XCConfigurationList;
			buildConfigurations = (
				45B2A80D22DF05E4001A1652 /* Debug */,
				45B2A80E22DF05E4001A1652 /* Release */,
			);
			defaultConfigurationIsVisible = 0;
			defaultConfigurationName = Release;
		};
/* End XCConfigurationList section */
	};
	rootObject = 45B2A7F022DF05E2001A1652 /* Project object */;
}
